
Microsoft Visual Studio Solution File, Format Version 11.00
# Visual Studio 2010
Project("{FAE04EC0-301F-11D3-BF4B-00C04F79EFBC}") = "cannon", "Assembly-CSharp.csproj", "{DDCEAE60-15D5-B4B0-9CAE-7FE0F0CBBF9A}"
EndProject
Global
	GlobalSection(SolutionConfigurationPlatforms) = preSolution
		Debug|Any CPU = Debug|Any CPU
		Release|Any CPU = Release|Any CPU
	EndGlobalSection
	GlobalSection(ProjectConfigurationPlatforms) = postSolution
		{DDCEAE60-15D5-B4B0-9CAE-7FE0F0CBBF9A}.Debug|Any CPU.ActiveCfg = Debug|Any CPU
		{DDCEAE60-15D5-B4B0-9CAE-7FE0F0CBBF9A}.Debug|Any CPU.Build.0 = Debug|Any CPU
		{DDCEAE60-15D5-B4B0-9CAE-7FE0F0CBBF9A}.Release|Any CPU.ActiveCfg = Release|Any CPU
		{DDCEAE60-15D5-B4B0-9CAE-7FE0F0CBBF9A}.Release|Any CPU.Build.0 = Release|Any CPU
	EndGlobalSection
	GlobalSection(SolutionProperties) = preSolution
		HideSolutionNode = FALSE
	EndGlobalSection
	GlobalSection(MonoDevelopProperties) = preSolution
		StartupItem = Assembly-CSharp.csproj
	EndGlobalSection
EndGlobal
